
Microsoft Visual Studio Solution File, Format Version 12.00
# Visual Studio Version 16
VisualStudioVersion = 16.0.30611.23
MinimumVisualStudioVersion = 10.0.40219.1
Project("{FAE04EC0-301F-11D3-BF4B-00C04F79EFBC}") = "FactoryPattern", "src\FactoryPattern\FactoryPattern.csproj", "{B1127F00-217F-48DB-A388-B02944A60134}"
EndProject
Project("{FAE04EC0-301F-11D3-BF4B-00C04F79EFBC}") = "BuilderPattern", "src\BuilderPattern\BuilderPattern.csproj", "{B6EA4006-3D10-40F4-9B9A-96353EFFDBC3}"
EndProject
Project("{FAE04EC0-301F-11D3-BF4B-00C04F79EFBC}") = "SingletonPattern", "src\SingletonPattern\SingletonPattern.csproj", "{C187B2B3-E9D5-47B3-B00D-55C844B1CAB4}"
EndProject
Project("{FAE04EC0-301F-11D3-BF4B-00C04F79EFBC}") = "SimpleFactory", "src\SimpleFactory\SimpleFactory.csproj", "{9668B118-AC70-4BDC-813C-D0B32C9EDF65}"
EndProject
Project("{FAE04EC0-301F-11D3-BF4B-00C04F79EFBC}") = "AbstractFactory", "src\AbstractFactory\AbstractFactory.csproj", "{FB75FD37-4434-41CD-A359-09FD451CFA63}"
EndProject
Project("{FAE04EC0-301F-11D3-BF4B-00C04F79EFBC}") = "MvpPattern", "src\MvpPattern\MvpPattern.csproj", "{8F90A3AB-D5EB-4822-B275-F5368775845D}"
EndProject
Project("{FAE04EC0-301F-11D3-BF4B-00C04F79EFBC}") = "AsyncObserverPattern", "src\AsyncObserverPattern\AsyncObserverPattern.csproj", "{E2F717FB-87CA-4AF9-973E-AB0FCDD05E52}"
EndProject
Project("{8BC9CEB8-8B4A-11D0-8D11-00A0C91BC942}") = "CppImplementObsPat", "src\00.CppDesignPattern\CppImplementObsPat\CppImplementObsPat.vcxproj", "{0D726B10-EB86-4DB2-B06D-F745BFCB0FCF}"
EndProject
Project("{FAE04EC0-301F-11D3-BF4B-00C04F79EFBC}") = "PrototypePattern", "src\PrototypePattern\PrototypePattern.csproj", "{14D7EDD2-5296-45E2-B3BF-DDF5B6FE29F5}"
EndProject
Project("{FAE04EC0-301F-11D3-BF4B-00C04F79EFBC}") = "StatePatternForAOI", "src\StatePatternForAOI\StatePatternForAOI.csproj", "{3117E85C-9518-4B03-8C35-A0BC9A46E2C6}"
EndProject
Project("{FAE04EC0-301F-11D3-BF4B-00C04F79EFBC}") = "CommandPattern", "src\CommandPattern\CommandPattern.csproj", "{3B0562F4-9C84-4F70-ADA8-3F5D7C24B4D7}"
EndProject
Project("{FAE04EC0-301F-11D3-BF4B-00C04F79EFBC}") = "TemplatePattern", "src\TemplatePattern\TemplatePattern.csproj", "{8EF9279C-F2AD-4704-A039-0068C953CF9D}"
EndProject
Project("{FAE04EC0-301F-11D3-BF4B-00C04F79EFBC}") = "StrategyPattern", "src\StrategyPattern\StrategyPattern.csproj", "{BEC705DA-03B7-4E0F-946F-1FE4E02A4FE8}"
EndProject
Global
	GlobalSection(SolutionConfigurationPlatforms) = preSolution
		Debug|Any CPU = Debug|Any CPU
		Debug|x64 = Debug|x64
		Debug|x86 = Debug|x86
		Release|Any CPU = Release|Any CPU
		Release|x64 = Release|x64
		Release|x86 = Release|x86
	EndGlobalSection
	GlobalSection(ProjectConfigurationPlatforms) = postSolution
		{B1127F00-217F-48DB-A388-B02944A60134}.Debug|Any CPU.ActiveCfg = Debug|Any CPU
		{B1127F00-217F-48DB-A388-B02944A60134}.Debug|Any CPU.Build.0 = Debug|Any CPU
		{B1127F00-217F-48DB-A388-B02944A60134}.Debug|x64.ActiveCfg = Debug|Any CPU
		{B1127F00-217F-48DB-A388-B02944A60134}.Debug|x64.Build.0 = Debug|Any CPU
		{B1127F00-217F-48DB-A388-B02944A60134}.Debug|x86.ActiveCfg = Debug|Any CPU
		{B1127F00-217F-48DB-A388-B02944A60134}.Debug|x86.Build.0 = Debug|Any CPU
		{B1127F00-217F-48DB-A388-B02944A60134}.Release|Any CPU.ActiveCfg = Release|Any CPU
		{B1127F00-217F-48DB-A388-B02944A60134}.Release|Any CPU.Build.0 = Release|Any CPU
		{B1127F00-217F-48DB-A388-B02944A60134}.Release|x64.ActiveCfg = Release|Any CPU
		{B1127F00-217F-48DB-A388-B02944A60134}.Release|x64.Build.0 = Release|Any CPU
		{B1127F00-217F-48DB-A388-B02944A60134}.Release|x86.ActiveCfg = Release|Any CPU
		{B1127F00-217F-48DB-A388-B02944A60134}.Release|x86.Build.0 = Release|Any CPU
		{B6EA4006-3D10-40F4-9B9A-96353EFFDBC3}.Debug|Any CPU.ActiveCfg = Debug|Any CPU
		{B6EA4006-3D10-40F4-9B9A-96353EFFDBC3}.Debug|Any CPU.Build.0 = Debug|Any CPU
		{B6EA4006-3D10-40F4-9B9A-96353EFFDBC3}.Debug|x64.ActiveCfg = Debug|Any CPU
		{B6EA4006-3D10-40F4-9B9A-96353EFFDBC3}.Debug|x64.Build.0 = Debug|Any CPU
		{B6EA4006-3D10-40F4-9B9A-96353EFFDBC3}.Debug|x86.ActiveCfg = Debug|Any CPU
		{B6EA4006-3D10-40F4-9B9A-96353EFFDBC3}.Debug|x86.Build.0 = Debug|Any CPU
		{B6EA4006-3D10-40F4-9B9A-96353EFFDBC3}.Release|Any CPU.ActiveCfg = Release|Any CPU
		{B6EA4006-3D10-40F4-9B9A-96353EFFDBC3}.Release|Any CPU.Build.0 = Release|Any CPU
		{B6EA4006-3D10-40F4-9B9A-96353EFFDBC3}.Release|x64.ActiveCfg = Release|Any CPU
		{B6EA4006-3D10-40F4-9B9A-96353EFFDBC3}.Release|x64.Build.0 = Release|Any CPU
		{B6EA4006-3D10-40F4-9B9A-96353EFFDBC3}.Release|x86.ActiveCfg = Release|Any CPU
		{B6EA4006-3D10-40F4-9B9A-96353EFFDBC3}.Release|x86.Build.0 = Release|Any CPU
		{C187B2B3-E9D5-47B3-B00D-55C844B1CAB4}.Debug|Any CPU.ActiveCfg = Debug|Any CPU
		{C187B2B3-E9D5-47B3-B00D-55C844B1CAB4}.Debug|Any CPU.Build.0 = Debug|Any CPU
		{C187B2B3-E9D5-47B3-B00D-55C844B1CAB4}.Debug|x64.ActiveCfg = Debug|Any CPU
		{C187B2B3-E9D5-47B3-B00D-55C844B1CAB4}.Debug|x64.Build.0 = Debug|Any CPU
		{C187B2B3-E9D5-47B3-B00D-55C844B1CAB4}.Debug|x86.ActiveCfg = Debug|Any CPU
		{C187B2B3-E9D5-47B3-B00D-55C844B1CAB4}.Debug|x86.Build.0 = Debug|Any CPU
		{C187B2B3-E9D5-47B3-B00D-55C844B1CAB4}.Release|Any CPU.ActiveCfg = Release|Any CPU
		{C187B2B3-E9D5-47B3-B00D-55C844B1CAB4}.Release|Any CPU.Build.0 = Release|Any CPU
		{C187B2B3-E9D5-47B3-B00D-55C844B1CAB4}.Release|x64.ActiveCfg = Release|Any CPU
		{C187B2B3-E9D5-47B3-B00D-55C844B1CAB4}.Release|x64.Build.0 = Release|Any CPU
		{C187B2B3-E9D5-47B3-B00D-55C844B1CAB4}.Release|x86.ActiveCfg = Release|Any CPU
		{C187B2B3-E9D5-47B3-B00D-55C844B1CAB4}.Release|x86.Build.0 = Release|Any CPU
		{9668B118-AC70-4BDC-813C-D0B32C9EDF65}.Debug|Any CPU.ActiveCfg = Debug|Any CPU
		{9668B118-AC70-4BDC-813C-D0B32C9EDF65}.Debug|Any CPU.Build.0 = Debug|Any CPU
		{9668B118-AC70-4BDC-813C-D0B32C9EDF65}.Debug|x64.ActiveCfg = Debug|Any CPU
		{9668B118-AC70-4BDC-813C-D0B32C9EDF65}.Debug|x64.Build.0 = Debug|Any CPU
		{9668B118-AC70-4BDC-813C-D0B32C9EDF65}.Debug|x86.ActiveCfg = Debug|Any CPU
		{9668B118-AC70-4BDC-813C-D0B32C9EDF65}.Debug|x86.Build.0 = Debug|Any CPU
		{9668B118-AC70-4BDC-813C-D0B32C9EDF65}.Release|Any CPU.ActiveCfg = Release|Any CPU
		{9668B118-AC70-4BDC-813C-D0B32C9EDF65}.Release|Any CPU.Build.0 = Release|Any CPU
		{9668B118-AC70-4BDC-813C-D0B32C9EDF65}.Release|x64.ActiveCfg = Release|Any CPU
		{9668B118-AC70-4BDC-813C-D0B32C9EDF65}.Release|x64.Build.0 = Release|Any CPU
		{9668B118-AC70-4BDC-813C-D0B32C9EDF65}.Release|x86.ActiveCfg = Release|Any CPU
		{9668B118-AC70-4BDC-813C-D0B32C9EDF65}.Release|x86.Build.0 = Release|Any CPU
		{FB75FD37-4434-41CD-A359-09FD451CFA63}.Debug|Any CPU.ActiveCfg = Debug|Any CPU
		{FB75FD37-4434-41CD-A359-09FD451CFA63}.Debug|Any CPU.Build.0 = Debug|Any CPU
		{FB75FD37-4434-41CD-A359-09FD451CFA63}.Debug|x64.ActiveCfg = Debug|Any CPU
		{FB75FD37-4434-41CD-A359-09FD451CFA63}.Debug|x64.Build.0 = Debug|Any CPU
		{FB75FD37-4434-41CD-A359-09FD451CFA63}.Debug|x86.ActiveCfg = Debug|Any CPU
		{FB75FD37-4434-41CD-A359-09FD451CFA63}.Debug|x86.Build.0 = Debug|Any CPU
		{FB75FD37-4434-41CD-A359-09FD451CFA63}.Release|Any CPU.ActiveCfg = Release|Any CPU
		{FB75FD37-4434-41CD-A359-09FD451CFA63}.Release|Any CPU.Build.0 = Release|Any CPU
		{FB75FD37-4434-41CD-A359-09FD451CFA63}.Release|x64.ActiveCfg = Release|Any CPU
		{FB75FD37-4434-41CD-A359-09FD451CFA63}.Release|x64.Build.0 = Release|Any CPU
		{FB75FD37-4434-41CD-A359-09FD451CFA63}.Release|x86.ActiveCfg = Release|Any CPU
		{FB75FD37-4434-41CD-A359-09FD451CFA63}.Release|x86.Build.0 = Release|Any CPU
		{8F90A3AB-D5EB-4822-B275-F5368775845D}.Debug|Any CPU.ActiveCfg = Debug|Any CPU
		{8F90A3AB-D5EB-4822-B275-F5368775845D}.Debug|Any CPU.Build.0 = Debug|Any CPU
		{8F90A3AB-D5EB-4822-B275-F5368775845D}.Debug|x64.ActiveCfg = Debug|Any CPU
		{8F90A3AB-D5EB-4822-B275-F5368775845D}.Debug|x64.Build.0 = Debug|Any CPU
		{8F90A3AB-D5EB-4822-B275-F5368775845D}.Debug|x86.ActiveCfg = Debug|Any CPU
		{8F90A3AB-D5EB-4822-B275-F5368775845D}.Debug|x86.Build.0 = Debug|Any CPU
		{8F90A3AB-D5EB-4822-B275-F5368775845D}.Release|Any CPU.ActiveCfg = Release|Any CPU
		{8F90A3AB-D5EB-4822-B275-F5368775845D}.Release|Any CPU.Build.0 = Release|Any CPU
		{8F90A3AB-D5EB-4822-B275-F5368775845D}.Release|x64.ActiveCfg = Release|Any CPU
		{8F90A3AB-D5EB-4822-B275-F5368775845D}.Release|x64.Build.0 = Release|Any CPU
		{8F90A3AB-D5EB-4822-B275-F5368775845D}.Release|x86.ActiveCfg = Release|Any CPU
		{8F90A3AB-D5EB-4822-B275-F5368775845D}.Release|x86.Build.0 = Release|Any CPU
		{E2F717FB-87CA-4AF9-973E-AB0FCDD05E52}.Debug|Any CPU.ActiveCfg = Debug|Any CPU
		{E2F717FB-87CA-4AF9-973E-AB0FCDD05E52}.Debug|Any CPU.Build.0 = Debug|Any CPU
		{E2F717FB-87CA-4AF9-973E-AB0FCDD05E52}.Debug|x64.ActiveCfg = Debug|Any CPU
		{E2F717FB-87CA-4AF9-973E-AB0FCDD05E52}.Debug|x64.Build.0 = Debug|Any CPU
		{E2F717FB-87CA-4AF9-973E-AB0FCDD05E52}.Debug|x86.ActiveCfg = Debug|Any CPU
		{E2F717FB-87CA-4AF9-973E-AB0FCDD05E52}.Debug|x86.Build.0 = Debug|Any CPU
		{E2F717FB-87CA-4AF9-973E-AB0FCDD05E52}.Release|Any CPU.ActiveCfg = Release|Any CPU
		{E2F717FB-87CA-4AF9-973E-AB0FCDD05E52}.Release|Any CPU.Build.0 = Release|Any CPU
		{E2F717FB-87CA-4AF9-973E-AB0FCDD05E52}.Release|x64.ActiveCfg = Release|Any CPU
		{E2F717FB-87CA-4AF9-973E-AB0FCDD05E52}.Release|x64.Build.0 = Release|Any CPU
		{E2F717FB-87CA-4AF9-973E-AB0FCDD05E52}.Release|x86.ActiveCfg = Release|Any CPU
		{E2F717FB-87CA-4AF9-973E-AB0FCDD05E52}.Release|x86.Build.0 = Release|Any CPU
		{0D726B10-EB86-4DB2-B06D-F745BFCB0FCF}.Debug|Any CPU.ActiveCfg = Debug|Win32
		{0D726B10-EB86-4DB2-B06D-F745BFCB0FCF}.Debug|x64.ActiveCfg = Debug|x64
		{0D726B10-EB86-4DB2-B06D-F745BFCB0FCF}.Debug|x64.Build.0 = Debug|x64
		{0D726B10-EB86-4DB2-B06D-F745BFCB0FCF}.Debug|x86.ActiveCfg = Debug|Win32
		{0D726B10-EB86-4DB2-B06D-F745BFCB0FCF}.Debug|x86.Build.0 = Debug|Win32
		{0D726B10-EB86-4DB2-B06D-F745BFCB0FCF}.Release|Any CPU.ActiveCfg = Release|Win32
		{0D726B10-EB86-4DB2-B06D-F745BFCB0FCF}.Release|x64.ActiveCfg = Release|x64
		{0D726B10-EB86-4DB2-B06D-F745BFCB0FCF}.Release|x64.Build.0 = Release|x64
		{0D726B10-EB86-4DB2-B06D-F745BFCB0FCF}.Release|x86.ActiveCfg = Release|Win32
		{0D726B10-EB86-4DB2-B06D-F745BFCB0FCF}.Release|x86.Build.0 = Release|Win32
		{14D7EDD2-5296-45E2-B3BF-DDF5B6FE29F5}.Debug|Any CPU.ActiveCfg = Debug|Any CPU
		{14D7EDD2-5296-45E2-B3BF-DDF5B6FE29F5}.Debug|Any CPU.Build.0 = Debug|Any CPU
		{14D7EDD2-5296-45E2-B3BF-DDF5B6FE29F5}.Debug|x64.ActiveCfg = Debug|Any CPU
		{14D7EDD2-5296-45E2-B3BF-DDF5B6FE29F5}.Debug|x64.Build.0 = Debug|Any CPU
		{14D7EDD2-5296-45E2-B3BF-DDF5B6FE29F5}.Debug|x86.ActiveCfg = Debug|Any CPU
		{14D7EDD2-5296-45E2-B3BF-DDF5B6FE29F5}.Debug|x86.Build.0 = Debug|Any CPU
		{14D7EDD2-5296-45E2-B3BF-DDF5B6FE29F5}.Release|Any CPU.ActiveCfg = Release|Any CPU
		{14D7EDD2-5296-45E2-B3BF-DDF5B6FE29F5}.Release|Any CPU.Build.0 = Release|Any CPU
		{14D7EDD2-5296-45E2-B3BF-DDF5B6FE29F5}.Release|x64.ActiveCfg = Release|Any CPU
		{14D7EDD2-5296-45E2-B3BF-DDF5B6FE29F5}.Release|x64.Build.0 = Release|Any CPU
		{14D7EDD2-5296-45E2-B3BF-DDF5B6FE29F5}.Release|x86.ActiveCfg = Release|Any CPU
		{14D7EDD2-5296-45E2-B3BF-DDF5B6FE29F5}.Release|x86.Build.0 = Release|Any CPU
		{3117E85C-9518-4B03-8C35-A0BC9A46E2C6}.Debug|Any CPU.ActiveCfg = Debug|Any CPU
		{3117E85C-9518-4B03-8C35-A0BC9A46E2C6}.Debug|Any CPU.Build.0 = Debug|Any CPU
		{3117E85C-9518-4B03-8C35-A0BC9A46E2C6}.Debug|x64.ActiveCfg = Debug|Any CPU
		{3117E85C-9518-4B03-8C35-A0BC9A46E2C6}.Debug|x64.Build.0 = Debug|Any CPU
		{3117E85C-9518-4B03-8C35-A0BC9A46E2C6}.Debug|x86.ActiveCfg = Debug|Any CPU
		{3117E85C-9518-4B03-8C35-A0BC9A46E2C6}.Debug|x86.Build.0 = Debug|Any CPU
		{3117E85C-9518-4B03-8C35-A0BC9A46E2C6}.Release|Any CPU.ActiveCfg = Release|Any CPU
		{3117E85C-9518-4B03-8C35-A0BC9A46E2C6}.Release|Any CPU.Build.0 = Release|Any CPU
		{3117E85C-9518-4B03-8C35-A0BC9A46E2C6}.Release|x64.ActiveCfg = Release|Any CPU
		{3117E85C-9518-4B03-8C35-A0BC9A46E2C6}.Release|x64.Build.0 = Release|Any CPU
		{3117E85C-9518-4B03-8C35-A0BC9A46E2C6}.Release|x86.ActiveCfg = Release|Any CPU
		{3117E85C-9518-4B03-8C35-A0BC9A46E2C6}.Release|x86.Build.0 = Release|Any CPU
		{3B0562F4-9C84-4F70-ADA8-3F5D7C24B4D7}.Debug|Any CPU.ActiveCfg = Debug|Any CPU
		{3B0562F4-9C84-4F70-ADA8-3F5D7C24B4D7}.Debug|Any CPU.Build.0 = Debug|Any CPU
		{3B0562F4-9C84-4F70-ADA8-3F5D7C24B4D7}.Debug|x64.ActiveCfg = Debug|Any CPU
		{3B0562F4-9C84-4F70-ADA8-3F5D7C24B4D7}.Debug|x64.Build.0 = Debug|Any CPU
		{3B0562F4-9C84-4F70-ADA8-3F5D7C24B4D7}.Debug|x86.ActiveCfg = Debug|Any CPU
		{3B0562F4-9C84-4F70-ADA8-3F5D7C24B4D7}.Debug|x86.Build.0 = Debug|Any CPU
		{3B0562F4-9C84-4F70-ADA8-3F5D7C24B4D7}.Release|Any CPU.ActiveCfg = Release|Any CPU
		{3B0562F4-9C84-4F70-ADA8-3F5D7C24B4D7}.Release|Any CPU.Build.0 = Release|Any CPU
		{3B0562F4-9C84-4F70-ADA8-3F5D7C24B4D7}.Release|x64.ActiveCfg = Release|Any CPU
		{3B0562F4-9C84-4F70-ADA8-3F5D7C24B4D7}.Release|x64.Build.0 = Release|Any CPU
		{3B0562F4-9C84-4F70-ADA8-3F5D7C24B4D7}.Release|x86.ActiveCfg = Release|Any CPU
		{3B0562F4-9C84-4F70-ADA8-3F5D7C24B4D7}.Release|x86.Build.0 = Release|Any CPU
		{8EF9279C-F2AD-4704-A039-0068C953CF9D}.Debug|Any CPU.ActiveCfg = Debug|Any CPU
		{8EF9279C-F2AD-4704-A039-0068C953CF9D}.Debug|Any CPU.Build.0 = Debug|Any CPU
		{8EF9279C-F2AD-4704-A039-0068C953CF9D}.Debug|x64.ActiveCfg = Debug|Any CPU
		{8EF9279C-F2AD-4704-A039-0068C953CF9D}.Debug|x64.Build.0 = Debug|Any CPU
		{8EF9279C-F2AD-4704-A039-0068C953CF9D}.Debug|x86.ActiveCfg = Debug|Any CPU
		{8EF9279C-F2AD-4704-A039-0068C953CF9D}.Debug|x86.Build.0 = Debug|Any CPU
		{8EF9279C-F2AD-4704-A039-0068C953CF9D}.Release|Any CPU.ActiveCfg = Release|Any CPU
		{8EF9279C-F2AD-4704-A039-0068C953CF9D}.Release|Any CPU.Build.0 = Release|Any CPU
		{8EF9279C-F2AD-4704-A039-0068C953CF9D}.Release|x64.ActiveCfg = Release|Any CPU
		{8EF9279C-F2AD-4704-A039-0068C953CF9D}.Release|x64.Build.0 = Release|Any CPU
		{8EF9279C-F2AD-4704-A039-0068C953CF9D}.Release|x86.ActiveCfg = Release|Any CPU
		{8EF9279C-F2AD-4704-A039-0068C953CF9D}.Release|x86.Build.0 = Release|Any CPU
		{BEC705DA-03B7-4E0F-946F-1FE4E02A4FE8}.Debug|Any CPU.ActiveCfg = Debug|Any CPU
		{BEC705DA-03B7-4E0F-946F-1FE4E02A4FE8}.Debug|Any CPU.Build.0 = Debug|Any CPU
		{BEC705DA-03B7-4E0F-946F-1FE4E02A4FE8}.Debug|x64.ActiveCfg = Debug|Any CPU
		{BEC705DA-03B7-4E0F-946F-1FE4E02A4FE8}.Debug|x64.Build.0 = Debug|Any CPU
		{BEC705DA-03B7-4E0F-946F-1FE4E02A4FE8}.Debug|x86.ActiveCfg = Debug|Any CPU
		{BEC705DA-03B7-4E0F-946F-1FE4E02A4FE8}.Debug|x86.Build.0 = Debug|Any CPU
		{BEC705DA-03B7-4E0F-946F-1FE4E02A4FE8}.Release|Any CPU.ActiveCfg = Release|Any CPU
		{BEC705DA-03B7-4E0F-946F-1FE4E02A4FE8}.Release|Any CPU.Build.0 = Release|Any CPU
		{BEC705DA-03B7-4E0F-946F-1FE4E02A4FE8}.Release|x64.ActiveCfg = Release|Any CPU
		{BEC705DA-03B7-4E0F-946F-1FE4E02A4FE8}.Release|x64.Build.0 = Release|Any CPU
		{BEC705DA-03B7-4E0F-946F-1FE4E02A4FE8}.Release|x86.ActiveCfg = Release|Any CPU
		{BEC705DA-03B7-4E0F-946F-1FE4E02A4FE8}.Release|x86.Build.0 = Release|Any CPU
	EndGlobalSection
	GlobalSection(SolutionProperties) = preSolution
		HideSolutionNode = FALSE
	EndGlobalSection
	GlobalSection(ExtensibilityGlobals) = postSolution
		SolutionGuid = {9515B35D-9561-4B57-85ED-848A8CC0C561}
	EndGlobalSection
EndGlobal
